{
  "name": "client",
  "lockfileVersion": 3,
  "requires": true,
  "packages": {
    "": {
      "dependencies": {
        "server": "file:.."
      }
    },
    "..": {
      "version": "1.0.0",
      "license": "ISC",
      "dependencies": {
        "bcrypt": "^5.1.1",
        "cloudinary": "^2.5.0",
        "cors": "^2.8.5",
        "dotenv": "^16.4.5",
        "express": "^4.21.0",
        "fs": "^0.0.1-security",
        "http-errors": "^2.0.0",
        "joi": "^17.13.3",
        "joi-objectid": "^4.0.2",
        "jsonwebtoken": "^9.0.2",
        "mongoose": "^8.6.3",
        "multer": "^1.4.5-lts.1",
        "nodemailer": "^6.9.15",
        "querystring": "^0.2.1"
      },
      "devDependencies": {
        "nodemon": "^3.1.7"
      }
    },
    "node_modules/server": {
      "resolved": "..",
      "link": true
    }
  }
}
